
Microsoft Visual Studio Solution File, Format Version 12.00
# Visual Studio Version 16
VisualStudioVersion = 16.0.29306.81
MinimumVisualStudioVersion = 10.0.40219.1
Project("{FAE04EC0-301F-11D3-BF4B-00C04F79EFBC}") = "Formz", "Formz\Formz.csproj", "{6855266F-A0C3-4C6C-A04A-25B8D4D98709}"
EndProject
Global
	GlobalSection(SolutionConfigurationPlatforms) = preSolution
		Debug|Any CPU = Debug|Any CPU
		Release|Any CPU = Release|Any CPU
	EndGlobalSection
	GlobalSection(ProjectConfigurationPlatforms) = postSolution
		{6855266F-A0C3-4C6C-A04A-25B8D4D98709}.Debug|Any CPU.ActiveCfg = Debug|Any CPU
		{6855266F-A0C3-4C6C-A04A-25B8D4D98709}.Debug|Any CPU.Build.0 = Debug|Any CPU
		{6855266F-A0C3-4C6C-A04A-25B8D4D98709}.Release|Any CPU.ActiveCfg = Release|Any CPU
		{6855266F-A0C3-4C6C-A04A-25B8D4D98709}.Release|Any CPU.Build.0 = Release|Any CPU
	EndGlobalSection
	GlobalSection(SolutionProperties) = preSolution
		HideSolutionNode = FALSE
	EndGlobalSection
	GlobalSection(ExtensibilityGlobals) = postSolution
		SolutionGuid = {F8A2BB90-670B-4E50-9554-6868C731E235}
	EndGlobalSection
EndGlobal
